
Microsoft Visual Studio Solution File, Format Version 12.00
# Visual Studio Version 17
VisualStudioVersion = 17.6.33712.159
MinimumVisualStudioVersion = 10.0.40219.1
Project("{9A19103F-16F7-4668-BE54-9A1E7A4F7556}") = "MF152004.Workerservice", "MF152004.Workerservice\MF152004.Workerservice.csproj", "{27A8C0B0-8358-4B65-953D-3348DA03EFFC}"
EndProject
Project("{9A19103F-16F7-4668-BE54-9A1E7A4F7556}") = "MF152004.Models", "MF152004.Models\MF152004.Models.csproj", "{CD02F1A6-AEEA-4EDD-B43E-1B840C6E7E3F}"
EndProject
Project("{9A19103F-16F7-4668-BE54-9A1E7A4F7556}") = "MF152004.Webservice", "MF152004.Webservice\MF152004.Webservice.csproj", "{F7546C00-97BD-4DE4-9DF0-042A510D17A4}"
EndProject
Project("{9A19103F-16F7-4668-BE54-9A1E7A4F7556}") = "MF152004.Common", "MF152004.Common\MF152004.Common.csproj", "{770F8AF3-734F-4C2A-948C-8F9E92A8404A}"
EndProject
Project("{2150E333-8FDC-42A3-9474-1A3956D46DE8}") = "Projektmappenelemente", "Projektmappenelemente", "{060D8388-A82B-4428-814E-3C7593E30563}"
	ProjectSection(SolutionItems) = preProject
		ChangeLog.txt = ChangeLog.txt
		TODOS.txt = TODOS.txt
	EndProjectSection
EndProject
Project("{9A19103F-16F7-4668-BE54-9A1E7A4F7556}") = "BlueApps.MaterialFlow.Common", "..\..\VC.MaterialFlow\BlueApps.MaterialFlow.Common\BlueApps.MaterialFlow.Common.csproj", "{F89004E7-2C29-4542-8BD6-FBF5BDB735E4}"
EndProject
Project("{9A19103F-16F7-4668-BE54-9A1E7A4F7556}") = "BlueApps.MaterialFlow.Common.Models", "..\..\VC.MaterialFlow\BlueApps.MaterialFlow.Common.Models\BlueApps.MaterialFlow.Common.Models.csproj", "{3D288904-9CC1-4C6B-A4B6-3B02FE2BC0D1}"
EndProject
Global
	GlobalSection(SolutionConfigurationPlatforms) = preSolution
		Debug|Any CPU = Debug|Any CPU
		Release|Any CPU = Release|Any CPU
		Safe_Debug|Any CPU = Safe_Debug|Any CPU
	EndGlobalSection
	GlobalSection(ProjectConfigurationPlatforms) = postSolution
		{27A8C0B0-8358-4B65-953D-3348DA03EFFC}.Debug|Any CPU.ActiveCfg = Debug|Any CPU
		{27A8C0B0-8358-4B65-953D-3348DA03EFFC}.Debug|Any CPU.Build.0 = Debug|Any CPU
		{27A8C0B0-8358-4B65-953D-3348DA03EFFC}.Release|Any CPU.ActiveCfg = Release|Any CPU
		{27A8C0B0-8358-4B65-953D-3348DA03EFFC}.Release|Any CPU.Build.0 = Release|Any CPU
		{27A8C0B0-8358-4B65-953D-3348DA03EFFC}.Safe_Debug|Any CPU.ActiveCfg = Safe_Debug|Any CPU
		{27A8C0B0-8358-4B65-953D-3348DA03EFFC}.Safe_Debug|Any CPU.Build.0 = Safe_Debug|Any CPU
		{CD02F1A6-AEEA-4EDD-B43E-1B840C6E7E3F}.Debug|Any CPU.ActiveCfg = Debug|Any CPU
		{CD02F1A6-AEEA-4EDD-B43E-1B840C6E7E3F}.Debug|Any CPU.Build.0 = Debug|Any CPU
		{CD02F1A6-AEEA-4EDD-B43E-1B840C6E7E3F}.Release|Any CPU.ActiveCfg = Release|Any CPU
		{CD02F1A6-AEEA-4EDD-B43E-1B840C6E7E3F}.Release|Any CPU.Build.0 = Release|Any CPU
		{CD02F1A6-AEEA-4EDD-B43E-1B840C6E7E3F}.Safe_Debug|Any CPU.ActiveCfg = Safe_Debug|Any CPU
		{CD02F1A6-AEEA-4EDD-B43E-1B840C6E7E3F}.Safe_Debug|Any CPU.Build.0 = Safe_Debug|Any CPU
		{F7546C00-97BD-4DE4-9DF0-042A510D17A4}.Debug|Any CPU.ActiveCfg = Debug|Any CPU
		{F7546C00-97BD-4DE4-9DF0-042A510D17A4}.Debug|Any CPU.Build.0 = Debug|Any CPU
		{F7546C00-97BD-4DE4-9DF0-042A510D17A4}.Release|Any CPU.ActiveCfg = Release|Any CPU
		{F7546C00-97BD-4DE4-9DF0-042A510D17A4}.Release|Any CPU.Build.0 = Release|Any CPU
		{F7546C00-97BD-4DE4-9DF0-042A510D17A4}.Safe_Debug|Any CPU.ActiveCfg = Safe_Debug|Any CPU
		{F7546C00-97BD-4DE4-9DF0-042A510D17A4}.Safe_Debug|Any CPU.Build.0 = Safe_Debug|Any CPU
		{770F8AF3-734F-4C2A-948C-8F9E92A8404A}.Debug|Any CPU.ActiveCfg = Debug|Any CPU
		{770F8AF3-734F-4C2A-948C-8F9E92A8404A}.Debug|Any CPU.Build.0 = Debug|Any CPU
		{770F8AF3-734F-4C2A-948C-8F9E92A8404A}.Release|Any CPU.ActiveCfg = Release|Any CPU
		{770F8AF3-734F-4C2A-948C-8F9E92A8404A}.Release|Any CPU.Build.0 = Release|Any CPU
		{770F8AF3-734F-4C2A-948C-8F9E92A8404A}.Safe_Debug|Any CPU.ActiveCfg = Safe_Debug|Any CPU
		{770F8AF3-734F-4C2A-948C-8F9E92A8404A}.Safe_Debug|Any CPU.Build.0 = Safe_Debug|Any CPU
		{F89004E7-2C29-4542-8BD6-FBF5BDB735E4}.Debug|Any CPU.ActiveCfg = Debug|Any CPU
		{F89004E7-2C29-4542-8BD6-FBF5BDB735E4}.Debug|Any CPU.Build.0 = Debug|Any CPU
		{F89004E7-2C29-4542-8BD6-FBF5BDB735E4}.Release|Any CPU.ActiveCfg = Release|Any CPU
		{F89004E7-2C29-4542-8BD6-FBF5BDB735E4}.Release|Any CPU.Build.0 = Release|Any CPU
		{F89004E7-2C29-4542-8BD6-FBF5BDB735E4}.Safe_Debug|Any CPU.ActiveCfg = Safe_Debug|Any CPU
		{F89004E7-2C29-4542-8BD6-FBF5BDB735E4}.Safe_Debug|Any CPU.Build.0 = Safe_Debug|Any CPU
		{3D288904-9CC1-4C6B-A4B6-3B02FE2BC0D1}.Debug|Any CPU.ActiveCfg = Debug|Any CPU
		{3D288904-9CC1-4C6B-A4B6-3B02FE2BC0D1}.Debug|Any CPU.Build.0 = Debug|Any CPU
		{3D288904-9CC1-4C6B-A4B6-3B02FE2BC0D1}.Release|Any CPU.ActiveCfg = Release|Any CPU
		{3D288904-9CC1-4C6B-A4B6-3B02FE2BC0D1}.Release|Any CPU.Build.0 = Release|Any CPU
		{3D288904-9CC1-4C6B-A4B6-3B02FE2BC0D1}.Safe_Debug|Any CPU.ActiveCfg = Safe_Debug|Any CPU
		{3D288904-9CC1-4C6B-A4B6-3B02FE2BC0D1}.Safe_Debug|Any CPU.Build.0 = Safe_Debug|Any CPU
	EndGlobalSection
	GlobalSection(SolutionProperties) = preSolution
		HideSolutionNode = FALSE
	EndGlobalSection
	GlobalSection(ExtensibilityGlobals) = postSolution
		SolutionGuid = {56989454-BE5C-485E-8A9B-CAC1EA043D2B}
	EndGlobalSection
EndGlobal
